// !$*UTF8*$!
{
	archiveVersion = 1;
	classes = {
	};
	objectVersion = 46;
	objects = {

/* Begin PBXBuildFile section */
		ADB724971A8C20F200EBCB0C /* main.m in Sources */ = {isa = PBXBuildFile; fileRef = ADB724961A8C20F200EBCB0C /* main.m */; };
		ADB7249A1A8C20F200EBCB0C /* AppDelegate.m in Sources */ = {isa = PBXBuildFile; fileRef = ADB724991A8C20F200EBCB0C /* AppDelegate.m */; };
		ADB724A01A8C20F200EBCB0C /* Main.storyboard in Resources */ = {isa = PBXBuildFile; fileRef = ADB7249E1A8C20F200EBCB0C /* Main.storyboard */; };
		ADB724A21A8C20F200EBCB0C /* Images.xcassets in Resources */ = {isa = PBXBuildFile; fileRef = ADB724A11A8C20F200EBCB0C /* Images.xcassets */; };
		ADB724A51A8C20F200EBCB0C /* LaunchScreen.xib in Resources */ = {isa = PBXBuildFile; fileRef = ADB724A31A8C20F200EBCB0C /* LaunchScreen.xib */; };
		ADB724B11A8C20F200EBCB0C /* TeamBEN_A2Tests.m in Sources */ = {isa = PBXBuildFile; fileRef = ADB724B01A8C20F200EBCB0C /* TeamBEN_A2Tests.m */; };
		ADB724C71A8C25E800EBCB0C /* AudioFileReader.mm in Sources */ = {isa = PBXBuildFile; fileRef = ADB724C21A8C25E800EBCB0C /* AudioFileReader.mm */; settings = {COMPILER_FLAGS = "-fno-objc-arc"; }; };
		ADB724C81A8C25E800EBCB0C /* AudioFileWriter.m in Sources */ = {isa = PBXBuildFile; fileRef = ADB724C41A8C25E800EBCB0C /* AudioFileWriter.m */; settings = {COMPILER_FLAGS = "-fno-objc-arc"; }; };
		ADB724C91A8C25E800EBCB0C /* Novocaine.m in Sources */ = {isa = PBXBuildFile; fileRef = ADB724C61A8C25E800EBCB0C /* Novocaine.m */; settings = {COMPILER_FLAGS = "-fno-objc-arc"; }; };
		ADB724CC1A8C25F300EBCB0C /* RingBuffer.mm in Sources */ = {isa = PBXBuildFile; fileRef = ADB724CB1A8C25F300EBCB0C /* RingBuffer.mm */; settings = {COMPILER_FLAGS = "-fno-objc-arc"; }; };
		ADB724D61A8C328300EBCB0C /* Main_ModuleA.storyboard in Resources */ = {isa = PBXBuildFile; fileRef = ADB724D51A8C328300EBCB0C /* Main_ModuleA.storyboard */; };
		ADB724D91A8C32B900EBCB0C /* RootTableViewController.m in Sources */ = {isa = PBXBuildFile; fileRef = ADB724D81A8C32B900EBCB0C /* RootTableViewController.m */; };
		ADB724DE1A8C3CC200EBCB0C /* Main_ModuleB.storyboard in Resources */ = {isa = PBXBuildFile; fileRef = ADB724DD1A8C3CC200EBCB0C /* Main_ModuleB.storyboard */; };
		ADB724E11A8C3CE400EBCB0C /* ModuleB_MasterVIewControllerViewController.m in Sources */ = {isa = PBXBuildFile; fileRef = ADB724E01A8C3CE400EBCB0C /* ModuleB_MasterVIewControllerViewController.m */; };
		ADB724E41A8C44FE00EBCB0C /* ModuleA_MasterViewController.m in Sources */ = {isa = PBXBuildFile; fileRef = ADB724E31A8C44FE00EBCB0C /* ModuleA_MasterViewController.m */; };
		ADB724E71A8C631100EBCB0C /* Piano.storyboard in Resources */ = {isa = PBXBuildFile; fileRef = ADB724E61A8C631100EBCB0C /* Piano.storyboard */; };
		ADB724EA1A8C656000EBCB0C /* ModuleA_PianoToneController.m in Sources */ = {isa = PBXBuildFile; fileRef = ADB724E91A8C656000EBCB0C /* ModuleA_PianoToneController.m */; };
/* End PBXBuildFile section */

/* Begin PBXContainerItemProxy section */
		ADB724AB1A8C20F200EBCB0C /* PBXContainerItemProxy */ = {
			isa = PBXContainerItemProxy;
			containerPortal = ADB724891A8C20F200EBCB0C /* Project object */;
			proxyType = 1;
			remoteGlobalIDString = ADB724901A8C20F200EBCB0C;
			remoteInfo = "TeamBEN-A2";
		};
/* End PBXContainerItemProxy section */

/* Begin PBXFileReference section */
		ADB724911A8C20F200EBCB0C /* TeamBEN-A2.app */ = {isa = PBXFileReference; explicitFileType = wrapper.application; includeInIndex = 0; path = "TeamBEN-A2.app"; sourceTree = BUILT_PRODUCTS_DIR; };
		ADB724951A8C20F200EBCB0C /* Info.plist */ = {isa = PBXFileReference; lastKnownFileType = text.plist.xml; path = Info.plist; sourceTree = "<group>"; };
		ADB724961A8C20F200EBCB0C /* main.m */ = {isa = PBXFileReference; lastKnownFileType = sourcecode.c.objc; path = main.m; sourceTree = "<group>"; };
		ADB724981A8C20F200EBCB0C /* AppDelegate.h */ = {isa = PBXFileReference; lastKnownFileType = sourcecode.c.h; path = AppDelegate.h; sourceTree = "<group>"; };
		ADB724991A8C20F200EBCB0C /* AppDelegate.m */ = {isa = PBXFileReference; lastKnownFileType = sourcecode.c.objc; path = AppDelegate.m; sourceTree = "<group>"; };
		ADB7249F1A8C20F200EBCB0C /* Base */ = {isa = PBXFileReference; lastKnownFileType = file.storyboard; name = Base; path = Base.lproj/Main.storyboard; sourceTree = "<group>"; };
		ADB724A11A8C20F200EBCB0C /* Images.xcassets */ = {isa = PBXFileReference; lastKnownFileType = folder.assetcatalog; path = Images.xcassets; sourceTree = "<group>"; };
		ADB724A41A8C20F200EBCB0C /* Base */ = {isa = PBXFileReference; lastKnownFileType = file.xib; name = Base; path = Base.lproj/LaunchScreen.xib; sourceTree = "<group>"; };
		ADB724AA1A8C20F200EBCB0C /* TeamBEN-A2Tests.xctest */ = {isa = PBXFileReference; explicitFileType = wrapper.cfbundle; includeInIndex = 0; path = "TeamBEN-A2Tests.xctest"; sourceTree = BUILT_PRODUCTS_DIR; };
		ADB724AF1A8C20F200EBCB0C /* Info.plist */ = {isa = PBXFileReference; lastKnownFileType = text.plist.xml; path = Info.plist; sourceTree = "<group>"; };
		ADB724B01A8C20F200EBCB0C /* TeamBEN_A2Tests.m */ = {isa = PBXFileReference; lastKnownFileType = sourcecode.c.objc; path = TeamBEN_A2Tests.m; sourceTree = "<group>"; };
		ADB724C11A8C25E800EBCB0C /* AudioFileReader.h */ = {isa = PBXFileReference; fileEncoding = 4; lastKnownFileType = sourcecode.c.h; path = AudioFileReader.h; sourceTree = "<group>"; };
		ADB724C21A8C25E800EBCB0C /* AudioFileReader.mm */ = {isa = PBXFileReference; fileEncoding = 4; lastKnownFileType = sourcecode.cpp.objcpp; path = AudioFileReader.mm; sourceTree = "<group>"; };
		ADB724C31A8C25E800EBCB0C /* AudioFileWriter.h */ = {isa = PBXFileReference; fileEncoding = 4; lastKnownFileType = sourcecode.c.h; path = AudioFileWriter.h; sourceTree = "<group>"; };
		ADB724C41A8C25E800EBCB0C /* AudioFileWriter.m */ = {isa = PBXFileReference; fileEncoding = 4; lastKnownFileType = sourcecode.c.objc; path = AudioFileWriter.m; sourceTree = "<group>"; };
		ADB724C51A8C25E800EBCB0C /* Novocaine.h */ = {isa = PBXFileReference; fileEncoding = 4; lastKnownFileType = sourcecode.c.h; path = Novocaine.h; sourceTree = "<group>"; };
		ADB724C61A8C25E800EBCB0C /* Novocaine.m */ = {isa = PBXFileReference; fileEncoding = 4; lastKnownFileType = sourcecode.c.objc; path = Novocaine.m; sourceTree = "<group>"; };
		ADB724CA1A8C25F300EBCB0C /* RingBuffer.h */ = {isa = PBXFileReference; fileEncoding = 4; lastKnownFileType = sourcecode.c.h; path = RingBuffer.h; sourceTree = "<group>"; };
		ADB724CB1A8C25F300EBCB0C /* RingBuffer.mm */ = {isa = PBXFileReference; fileEncoding = 4; lastKnownFileType = sourcecode.cpp.objcpp; path = RingBuffer.mm; sourceTree = "<group>"; };
		ADB724CE1A8C263E00EBCB0C /* SMUFFTHelper.h */ = {isa = PBXFileReference; lastKnownFileType = sourcecode.c.h; path = SMUFFTHelper.h; sourceTree = "<group>"; };
		ADB724CF1A8C263E00EBCB0C /* SMUGraphHelper.h */ = {isa = PBXFileReference; lastKnownFileType = sourcecode.c.h; path = SMUGraphHelper.h; sourceTree = "<group>"; };
		ADB724D51A8C328300EBCB0C /* Main_ModuleA.storyboard */ = {isa = PBXFileReference; fileEncoding = 4; lastKnownFileType = file.storyboard; path = Main_ModuleA.storyboard; sourceTree = "<group>"; };
		ADB724D71A8C32B900EBCB0C /* RootTableViewController.h */ = {isa = PBXFileReference; fileEncoding = 4; lastKnownFileType = sourcecode.c.h; path = RootTableViewController.h; sourceTree = "<group>"; };
		ADB724D81A8C32B900EBCB0C /* RootTableViewController.m */ = {isa = PBXFileReference; fileEncoding = 4; lastKnownFileType = sourcecode.c.objc; path = RootTableViewController.m; sourceTree = "<group>"; };
		ADB724DD1A8C3CC200EBCB0C /* Main_ModuleB.storyboard */ = {isa = PBXFileReference; fileEncoding = 4; lastKnownFileType = file.storyboard; path = Main_ModuleB.storyboard; sourceTree = "<group>"; };
		ADB724DF1A8C3CE400EBCB0C /* ModuleB_MasterVIewControllerViewController.h */ = {isa = PBXFileReference; fileEncoding = 4; lastKnownFileType = sourcecode.c.h; path = ModuleB_MasterVIewControllerViewController.h; sourceTree = "<group>"; };
		ADB724E01A8C3CE400EBCB0C /* ModuleB_MasterVIewControllerViewController.m */ = {isa = PBXFileReference; fileEncoding = 4; lastKnownFileType = sourcecode.c.objc; path = ModuleB_MasterVIewControllerViewController.m; sourceTree = "<group>"; };
		ADB724E21A8C44FE00EBCB0C /* ModuleA_MasterViewController.h */ = {isa = PBXFileReference; fileEncoding = 4; lastKnownFileType = sourcecode.c.h; path = ModuleA_MasterViewController.h; sourceTree = "<group>"; };
		ADB724E31A8C44FE00EBCB0C /* ModuleA_MasterViewController.m */ = {isa = PBXFileReference; fileEncoding = 4; lastKnownFileType = sourcecode.c.objc; path = ModuleA_MasterViewController.m; sourceTree = "<group>"; };
		ADB724E61A8C631100EBCB0C /* Piano.storyboard */ = {isa = PBXFileReference; fileEncoding = 4; lastKnownFileType = file.storyboard; path = Piano.storyboard; sourceTree = "<group>"; };
		ADB724E81A8C656000EBCB0C /* ModuleA_PianoToneController.h */ = {isa = PBXFileReference; fileEncoding = 4; lastKnownFileType = sourcecode.c.h; path = ModuleA_PianoToneController.h; sourceTree = "<group>"; };
		ADB724E91A8C656000EBCB0C /* ModuleA_PianoToneController.m */ = {isa = PBXFileReference; fileEncoding = 4; lastKnownFileType = sourcecode.c.objc; path = ModuleA_PianoToneController.m; sourceTree = "<group>"; };
/* End PBXFileReference section */

/* Begin PBXFrameworksBuildPhase section */
		ADB7248E1A8C20F200EBCB0C /* Frameworks */ = {
			isa = PBXFrameworksBuildPhase;
			buildActionMask = 2147483647;
			files = (
			);
			runOnlyForDeploymentPostprocessing = 0;
		};
		ADB724A71A8C20F200EBCB0C /* Frameworks */ = {
			isa = PBXFrameworksBuildPhase;
			buildActionMask = 2147483647;
			files = (
			);
			runOnlyForDeploymentPostprocessing = 0;
		};
/* End PBXFrameworksBuildPhase section */

/* Begin PBXGroup section */
		ADB724881A8C20F200EBCB0C = {
			isa = PBXGroup;
			children = (
				ADB724931A8C20F200EBCB0C /* TeamBEN-A2 */,
				ADB724AD1A8C20F200EBCB0C /* TeamBEN-A2Tests */,
				ADB724921A8C20F200EBCB0C /* Products */,
			);
			sourceTree = "<group>";
		};
		ADB724921A8C20F200EBCB0C /* Products */ = {
			isa = PBXGroup;
			children = (
				ADB724911A8C20F200EBCB0C /* TeamBEN-A2.app */,
				ADB724AA1A8C20F200EBCB0C /* TeamBEN-A2Tests.xctest */,
			);
			name = Products;
			sourceTree = "<group>";
		};
		ADB724931A8C20F200EBCB0C /* TeamBEN-A2 */ = {
			isa = PBXGroup;
			children = (
				ADB724A31A8C20F200EBCB0C /* LaunchScreen.xib */,
				ADB7249E1A8C20F200EBCB0C /* Main.storyboard */,
				ADB724981A8C20F200EBCB0C /* AppDelegate.h */,
				ADB724991A8C20F200EBCB0C /* AppDelegate.m */,
				ADB724D71A8C32B900EBCB0C /* RootTableViewController.h */,
				ADB724D81A8C32B900EBCB0C /* RootTableViewController.m */,
				ADB724D01A8C277B00EBCB0C /* ModuleA */,
				ADB724D11A8C278500EBCB0C /* ModuleB */,
				ADB724CD1A8C262100EBCB0C /* FFT/Graphing */,
				ADB724BA1A8C252800EBCB0C /* Novocaine */,
				ADB724A11A8C20F200EBCB0C /* Images.xcassets */,
				ADB724941A8C20F200EBCB0C /* Supporting Files */,
			);
			path = "TeamBEN-A2";
			sourceTree = "<group>";
		};
		ADB724941A8C20F200EBCB0C /* Supporting Files */ = {
			isa = PBXGroup;
			children = (
				ADB724951A8C20F200EBCB0C /* Info.plist */,
				ADB724961A8C20F200EBCB0C /* main.m */,
			);
			name = "Supporting Files";
			sourceTree = "<group>";
		};
		ADB724AD1A8C20F200EBCB0C /* TeamBEN-A2Tests */ = {
			isa = PBXGroup;
			children = (
				ADB724B01A8C20F200EBCB0C /* TeamBEN_A2Tests.m */,
				ADB724AE1A8C20F200EBCB0C /* Supporting Files */,
			);
			path = "TeamBEN-A2Tests";
			sourceTree = "<group>";
		};
		ADB724AE1A8C20F200EBCB0C /* Supporting Files */ = {
			isa = PBXGroup;
			children = (
				ADB724AF1A8C20F200EBCB0C /* Info.plist */,
			);
			name = "Supporting Files";
			sourceTree = "<group>";
		};
		ADB724BA1A8C252800EBCB0C /* Novocaine */ = {
			isa = PBXGroup;
			children = (
				ADB724C11A8C25E800EBCB0C /* AudioFileReader.h */,
				ADB724C21A8C25E800EBCB0C /* AudioFileReader.mm */,
				ADB724C31A8C25E800EBCB0C /* AudioFileWriter.h */,
				ADB724C41A8C25E800EBCB0C /* AudioFileWriter.m */,
				ADB724C51A8C25E800EBCB0C /* Novocaine.h */,
				ADB724C61A8C25E800EBCB0C /* Novocaine.m */,
				ADB724CA1A8C25F300EBCB0C /* RingBuffer.h */,
				ADB724CB1A8C25F300EBCB0C /* RingBuffer.mm */,
			);
			name = Novocaine;
			sourceTree = "<group>";
		};
		ADB724CD1A8C262100EBCB0C /* FFT/Graphing */ = {
			isa = PBXGroup;
			children = (
				ADB724CE1A8C263E00EBCB0C /* SMUFFTHelper.h */,
				ADB724CF1A8C263E00EBCB0C /* SMUGraphHelper.h */,
			);
			name = FFT/Graphing;
			sourceTree = "<group>";
		};
		ADB724D01A8C277B00EBCB0C /* ModuleA */ = {
			isa = PBXGroup;
			children = (
				ADB724D51A8C328300EBCB0C /* Main_ModuleA.storyboard */,
				ADB724E61A8C631100EBCB0C /* Piano.storyboard */,
				ADB724E21A8C44FE00EBCB0C /* ModuleA_MasterViewController.h */,
				ADB724E31A8C44FE00EBCB0C /* ModuleA_MasterViewController.m */,
				ADB724E81A8C656000EBCB0C /* ModuleA_PianoToneController.h */,
				ADB724E91A8C656000EBCB0C /* ModuleA_PianoToneController.m */,
			);
			name = ModuleA;
			sourceTree = "<group>";
		};
		ADB724D11A8C278500EBCB0C /* ModuleB */ = {
			isa = PBXGroup;
			children = (
				ADB724DD1A8C3CC200EBCB0C /* Main_ModuleB.storyboard */,
				ADB724DF1A8C3CE400EBCB0C /* ModuleB_MasterVIewControllerViewController.h */,
				ADB724E01A8C3CE400EBCB0C /* ModuleB_MasterVIewControllerViewController.m */,
			);
			name = ModuleB;
			sourceTree = "<group>";
		};
/* End PBXGroup section */

/* Begin PBXNativeTarget section */
		ADB724901A8C20F200EBCB0C /* TeamBEN-A2 */ = {
			isa = PBXNativeTarget;
			buildConfigurationList = ADB724B41A8C20F200EBCB0C /* Build configuration list for PBXNativeTarget "TeamBEN-A2" */;
			buildPhases = (
				ADB7248D1A8C20F200EBCB0C /* Sources */,
				ADB7248E1A8C20F200EBCB0C /* Frameworks */,
				ADB7248F1A8C20F200EBCB0C /* Resources */,
			);
			buildRules = (
			);
			dependencies = (
			);
			name = "TeamBEN-A2";
			productName = "TeamBEN-A2";
			productReference = ADB724911A8C20F200EBCB0C /* TeamBEN-A2.app */;
			productType = "com.apple.product-type.application";
		};
		ADB724A91A8C20F200EBCB0C /* TeamBEN-A2Tests */ = {
			isa = PBXNativeTarget;
			buildConfigurationList = ADB724B71A8C20F200EBCB0C /* Build configuration list for PBXNativeTarget "TeamBEN-A2Tests" */;
			buildPhases = (
				ADB724A61A8C20F200EBCB0C /* Sources */,
				ADB724A71A8C20F200EBCB0C /* Frameworks */,
				ADB724A81A8C20F200EBCB0C /* Resources */,
			);
			buildRules = (
			);
			dependencies = (
				ADB724AC1A8C20F200EBCB0C /* PBXTargetDependency */,
			);
			name = "TeamBEN-A2Tests";
			productName = "TeamBEN-A2Tests";
			productReference = ADB724AA1A8C20F200EBCB0C /* TeamBEN-A2Tests.xctest */;
			productType = "com.apple.product-type.bundle.unit-test";
		};
/* End PBXNativeTarget section */

/* Begin PBXProject section */
		ADB724891A8C20F200EBCB0C /* Project object */ = {
			isa = PBXProject;
			attributes = {
				LastUpgradeCheck = 0610;
				ORGANIZATIONNAME = "Team B.E.N.";
				TargetAttributes = {
					ADB724901A8C20F200EBCB0C = {
						CreatedOnToolsVersion = 6.1.1;
					};
					ADB724A91A8C20F200EBCB0C = {
						CreatedOnToolsVersion = 6.1.1;
						TestTargetID = ADB724901A8C20F200EBCB0C;
					};
				};
			};
			buildConfigurationList = ADB7248C1A8C20F200EBCB0C /* Build configuration list for PBXProject "TeamBEN-A2" */;
			compatibilityVersion = "Xcode 3.2";
			developmentRegion = English;
			hasScannedForEncodings = 0;
			knownRegions = (
				en,
				Base,
			);
			mainGroup = ADB724881A8C20F200EBCB0C;
			productRefGroup = ADB724921A8C20F200EBCB0C /* Products */;
			projectDirPath = "";
			projectRoot = "";
			targets = (
				ADB724901A8C20F200EBCB0C /* TeamBEN-A2 */,
				ADB724A91A8C20F200EBCB0C /* TeamBEN-A2Tests */,
			);
		};
/* End PBXProject section */

/* Begin PBXResourcesBuildPhase section */
		ADB7248F1A8C20F200EBCB0C /* Resources */ = {
			isa = PBXResourcesBuildPhase;
			buildActionMask = 2147483647;
			files = (
				ADB724A01A8C20F200EBCB0C /* Main.storyboard in Resources */,
				ADB724D61A8C328300EBCB0C /* Main_ModuleA.storyboard in Resources */,
				ADB724E71A8C631100EBCB0C /* Piano.storyboard in Resources */,
				ADB724A51A8C20F200EBCB0C /* LaunchScreen.xib in Resources */,
				ADB724DE1A8C3CC200EBCB0C /* Main_ModuleB.storyboard in Resources */,
				ADB724A21A8C20F200EBCB0C /* Images.xcassets in Resources */,
			);
			runOnlyForDeploymentPostprocessing = 0;
		};
		ADB724A81A8C20F200EBCB0C /* Resources */ = {
			isa = PBXResourcesBuildPhase;
			buildActionMask = 2147483647;
			files = (
			);
			runOnlyForDeploymentPostprocessing = 0;
		};
/* End PBXResourcesBuildPhase section */

/* Begin PBXSourcesBuildPhase section */
		ADB7248D1A8C20F200EBCB0C /* Sources */ = {
			isa = PBXSourcesBuildPhase;
			buildActionMask = 2147483647;
			files = (
				ADB724C71A8C25E800EBCB0C /* AudioFileReader.mm in Sources */,
				ADB724E11A8C3CE400EBCB0C /* ModuleB_MasterVIewControllerViewController.m in Sources */,
				ADB7249A1A8C20F200EBCB0C /* AppDelegate.m in Sources */,
				ADB724971A8C20F200EBCB0C /* main.m in Sources */,
				ADB724CC1A8C25F300EBCB0C /* RingBuffer.mm in Sources */,
				ADB724EA1A8C656000EBCB0C /* ModuleA_PianoToneController.m in Sources */,
				ADB724C81A8C25E800EBCB0C /* AudioFileWriter.m in Sources */,
				ADB724C91A8C25E800EBCB0C /* Novocaine.m in Sources */,
				ADB724E41A8C44FE00EBCB0C /* ModuleA_MasterViewController.m in Sources */,
				ADB724D91A8C32B900EBCB0C /* RootTableViewController.m in Sources */,
			);
			runOnlyForDeploymentPostprocessing = 0;
		};
		ADB724A61A8C20F200EBCB0C /* Sources */ = {
			isa = PBXSourcesBuildPhase;
			buildActionMask = 2147483647;
			files = (
				ADB724B11A8C20F200EBCB0C /* TeamBEN_A2Tests.m in Sources */,
			);
			runOnlyForDeploymentPostprocessing = 0;
		};
/* End PBXSourcesBuildPhase section */

/* Begin PBXTargetDependency section */
		ADB724AC1A8C20F200EBCB0C /* PBXTargetDependency */ = {
			isa = PBXTargetDependency;
			target = ADB724901A8C20F200EBCB0C /* TeamBEN-A2 */;
			targetProxy = ADB724AB1A8C20F200EBCB0C /* PBXContainerItemProxy */;
		};
/* End PBXTargetDependency section */

/* Begin PBXVariantGroup section */
		ADB7249E1A8C20F200EBCB0C /* Main.storyboard */ = {
			isa = PBXVariantGroup;
			children = (
				ADB7249F1A8C20F200EBCB0C /* Base */,
			);
			name = Main.storyboard;
			sourceTree = "<group>";
		};
		ADB724A31A8C20F200EBCB0C /* LaunchScreen.xib */ = {
			isa = PBXVariantGroup;
			children = (
				ADB724A41A8C20F200EBCB0C /* Base */,
			);
			name = LaunchScreen.xib;
			sourceTree = "<group>";
		};
/* End PBXVariantGroup section */

/* Begin XCBuildConfiguration section */
		ADB724B21A8C20F200EBCB0C /* Debug */ = {
			isa = XCBuildConfiguration;
			buildSettings = {
				ALWAYS_SEARCH_USER_PATHS = NO;
				CLANG_CXX_LANGUAGE_STANDARD = "gnu++0x";
				CLANG_CXX_LIBRARY = "libc++";
				CLANG_ENABLE_MODULES = YES;
				CLANG_ENABLE_OBJC_ARC = YES;
				CLANG_WARN_BOOL_CONVERSION = YES;
				CLANG_WARN_CONSTANT_CONVERSION = YES;
				CLANG_WARN_DIRECT_OBJC_ISA_USAGE = YES_ERROR;
				CLANG_WARN_EMPTY_BODY = YES;
				CLANG_WARN_ENUM_CONVERSION = YES;
				CLANG_WARN_INT_CONVERSION = YES;
				CLANG_WARN_OBJC_ROOT_CLASS = YES_ERROR;
				CLANG_WARN_UNREACHABLE_CODE = YES;
				CLANG_WARN__DUPLICATE_METHOD_MATCH = YES;
				"CODE_SIGN_IDENTITY[sdk=iphoneos*]" = "iPhone Developer";
				COPY_PHASE_STRIP = NO;
				ENABLE_STRICT_OBJC_MSGSEND = YES;
				GCC_C_LANGUAGE_STANDARD = gnu99;
				GCC_DYNAMIC_NO_PIC = NO;
				GCC_OPTIMIZATION_LEVEL = 0;
				GCC_PREPROCESSOR_DEFINITIONS = (
					"DEBUG=1",
					"$(inherited)",
				);
				GCC_SYMBOLS_PRIVATE_EXTERN = NO;
				GCC_WARN_64_TO_32_BIT_CONVERSION = YES;
				GCC_WARN_ABOUT_RETURN_TYPE = YES_ERROR;
				GCC_WARN_UNDECLARED_SELECTOR = YES;
				GCC_WARN_UNINITIALIZED_AUTOS = YES_AGGRESSIVE;
				GCC_WARN_UNUSED_FUNCTION = YES;
				GCC_WARN_UNUSED_VARIABLE = YES;
				IPHONEOS_DEPLOYMENT_TARGET = 8.1;
				MTL_ENABLE_DEBUG_INFO = YES;
				ONLY_ACTIVE_ARCH = YES;
				SDKROOT = iphoneos;
				TARGETED_DEVICE_FAMILY = "1,2";
			};
			name = Debug;
		};
		ADB724B31A8C20F200EBCB0C /* Release */ = {
			isa = XCBuildConfiguration;
			buildSettings = {
				ALWAYS_SEARCH_USER_PATHS = NO;
				CLANG_CXX_LANGUAGE_STANDARD = "gnu++0x";
				CLANG_CXX_LIBRARY = "libc++";
				CLANG_ENABLE_MODULES = YES;
				CLANG_ENABLE_OBJC_ARC = YES;
				CLANG_WARN_BOOL_CONVERSION = YES;
				CLANG_WARN_CONSTANT_CONVERSION = YES;
				CLANG_WARN_DIRECT_OBJC_ISA_USAGE = YES_ERROR;
				CLANG_WARN_EMPTY_BODY = YES;
				CLANG_WARN_ENUM_CONVERSION = YES;
				CLANG_WARN_INT_CONVERSION = YES;
				CLANG_WARN_OBJC_ROOT_CLASS = YES_ERROR;
				CLANG_WARN_UNREACHABLE_CODE = YES;
				CLANG_WARN__DUPLICATE_METHOD_MATCH = YES;
				"CODE_SIGN_IDENTITY[sdk=iphoneos*]" = "iPhone Developer";
				COPY_PHASE_STRIP = YES;
				ENABLE_NS_ASSERTIONS = NO;
				ENABLE_STRICT_OBJC_MSGSEND = YES;
				GCC_C_LANGUAGE_STANDARD = gnu99;
				GCC_WARN_64_TO_32_BIT_CONVERSION = YES;
				GCC_WARN_ABOUT_RETURN_TYPE = YES_ERROR;
				GCC_WARN_UNDECLARED_SELECTOR = YES;
				GCC_WARN_UNINITIALIZED_AUTOS = YES_AGGRESSIVE;
				GCC_WARN_UNUSED_FUNCTION = YES;
				GCC_WARN_UNUSED_VARIABLE = YES;
				IPHONEOS_DEPLOYMENT_TARGET = 8.1;
				MTL_ENABLE_DEBUG_INFO = NO;
				SDKROOT = iphoneos;
				TARGETED_DEVICE_FAMILY = "1,2";
				VALIDATE_PRODUCT = YES;
			};
			name = Release;
		};
		ADB724B51A8C20F200EBCB0C /* Debug */ = {
			isa = XCBuildConfiguration;
			buildSettings = {
				ASSETCATALOG_COMPILER_APPICON_NAME = AppIcon;
				INFOPLIST_FILE = "TeamBEN-A2/Info.plist";
				LD_RUNPATH_SEARCH_PATHS = "$(inherited) @executable_path/Frameworks";
				PRODUCT_NAME = "$(TARGET_NAME)";
			};
			name = Debug;
		};
		ADB724B61A8C20F200EBCB0C /* Release */ = {
			isa = XCBuildConfiguration;
			buildSettings = {
				ASSETCATALOG_COMPILER_APPICON_NAME = AppIcon;
				INFOPLIST_FILE = "TeamBEN-A2/Info.plist";
				LD_RUNPATH_SEARCH_PATHS = "$(inherited) @executable_path/Frameworks";
				PRODUCT_NAME = "$(TARGET_NAME)";
			};
			name = Release;
		};
		ADB724B81A8C20F200EBCB0C /* Debug */ = {
			isa = XCBuildConfiguration;
			buildSettings = {
				BUNDLE_LOADER = "$(TEST_HOST)";
				FRAMEWORK_SEARCH_PATHS = (
					"$(SDKROOT)/Developer/Library/Frameworks",
					"$(inherited)",
				);
				GCC_PREPROCESSOR_DEFINITIONS = (
					"DEBUG=1",
					"$(inherited)",
				);
				INFOPLIST_FILE = "TeamBEN-A2Tests/Info.plist";
				LD_RUNPATH_SEARCH_PATHS = "$(inherited) @executable_path/Frameworks @loader_path/Frameworks";
				PRODUCT_NAME = "$(TARGET_NAME)";
				TEST_HOST = "$(BUILT_PRODUCTS_DIR)/TeamBEN-A2.app/TeamBEN-A2";
			};
			name = Debug;
		};
		ADB724B91A8C20F200EBCB0C /* Release */ = {
			isa = XCBuildConfiguration;
			buildSettings = {
				BUNDLE_LOADER = "$(TEST_HOST)";
				FRAMEWORK_SEARCH_PATHS = (
					"$(SDKROOT)/Developer/Library/Frameworks",
					"$(inherited)",
				);
				INFOPLIST_FILE = "TeamBEN-A2Tests/Info.plist";
				LD_RUNPATH_SEARCH_PATHS = "$(inherited) @executable_path/Frameworks @loader_path/Frameworks";
				PRODUCT_NAME = "$(TARGET_NAME)";
				TEST_HOST = "$(BUILT_PRODUCTS_DIR)/TeamBEN-A2.app/TeamBEN-A2";
			};
			name = Release;
		};
/* End XCBuildConfiguration section */

/* Begin XCConfigurationList section */
		ADB7248C1A8C20F200EBCB0C /* Build configuration list for PBXProject "TeamBEN-A2" */ = {
			isa = XCConfigurationList;
			buildConfigurations = (
				ADB724B21A8C20F200EBCB0C /* Debug */,
				ADB724B31A8C20F200EBCB0C /* Release */,
			);
			defaultConfigurationIsVisible = 0;
			defaultConfigurationName = Release;
		};
		ADB724B41A8C20F200EBCB0C /* Build configuration list for PBXNativeTarget "TeamBEN-A2" */ = {
			isa = XCConfigurationList;
			buildConfigurations = (
				ADB724B51A8C20F200EBCB0C /* Debug */,
				ADB724B61A8C20F200EBCB0C /* Release */,
			);
			defaultConfigurationIsVisible = 0;
			defaultConfigurationName = Release;
		};
		ADB724B71A8C20F200EBCB0C /* Build configuration list for PBXNativeTarget "TeamBEN-A2Tests" */ = {
			isa = XCConfigurationList;
			buildConfigurations = (
				ADB724B81A8C20F200EBCB0C /* Debug */,
				ADB724B91A8C20F200EBCB0C /* Release */,
			);
			defaultConfigurationIsVisible = 0;
			defaultConfigurationName = Release;
		};
/* End XCConfigurationList section */
	};
	rootObject = ADB724891A8C20F200EBCB0C /* Project object */;
}
